{
  "name": "shanbook-nz",
  "version": "1.0.0",
  "lockfileVersion": 1,
  "requires": true,
  "dependencies": {
    "@vuepress/plugin-back-to-top": {
      "version": "1.5.4",
      "resolved": "https://registry.npmjs.org/@vuepress/plugin-back-to-top/-/plugin-back-to-top-1.5.4.tgz",
      "integrity": "sha512-FqT3F8VztSiDXtI7xjD4SOeEuyaPYx2zxxU3cH3wfe/amlFWyFPjTWJwAf1GRT5CqS13J2qfEnfWMU/Ct7Xg/Q==",
      "dev": true,
      "requires": {
        "lodash.debounce": "^4.0.8"
      }
    },
    "@vuepress/plugin-google-analytics": {
      "version": "1.5.4",
      "resolved": "https://registry.npmjs.org/@vuepress/plugin-google-analytics/-/plugin-google-analytics-1.5.4.tgz",
      "integrity": "sha512-JVmIPBqKNiOVvow+XAZE+jgGvIRMBVxZOpKb5HBQ0xwz/E81Opl7cxdX9VkPKX+i9VoRBPWEiD/874RivzbW1g==",
      "dev": true
    },
    "lodash.debounce": {
      "version": "4.0.8",
      "resolved": "https://registry.npmjs.org/lodash.debounce/-/lodash.debounce-4.0.8.tgz",
      "integrity": "sha1-gteb/zCmfEAF/9XiUVMArZyk168=",
      "dev": true
    },
    "markdown-it-img-lazy": {
      "version": "1.0.2",
      "resolved": "https://registry.npmjs.org/markdown-it-img-lazy/-/markdown-it-img-lazy-1.0.2.tgz",
      "integrity": "sha512-xBgh0s3NDxJyR09PyqPVMGqTXOLSKA2idIRx0p6eeHAEuXGCcQGIushgf7Aoyk6AqoAujjqma+PgH0Glq4IAiw==",
      "dev": true
    },
    "markdown-it-imsize": {
      "version": "2.0.1",
      "resolved": "https://registry.npmjs.org/markdown-it-imsize/-/markdown-it-imsize-2.0.1.tgz",
      "integrity": "sha1-zKBCeQXQUziiR8ucqdloxc3dUXA=",
      "dev": true
    },
    "vuepress-plugin-img-lazy": {
      "version": "1.0.4",
      "resolved": "https://registry.npmjs.org/vuepress-plugin-img-lazy/-/vuepress-plugin-img-lazy-1.0.4.tgz",
      "integrity": "sha512-4mMIy3vZzNZupFuohPKlOHGd0rNZEMEHEyN8b2M3j1yBANrkhGg1wNnpsdpe7ZnLdtVpxH3JQT7a3TDdxLLFmQ==",
      "dev": true,
      "requires": {
        "markdown-it-img-lazy": "^1.0.2",
        "markdown-it-imsize": "^2.0.1"
      }
    }
  }
}
